
Microsoft Visual Studio Solution File, Format Version 12.00
# Visual Studio 15
Project("{FAE04EC0-301F-11D3-BF4B-00C04F79EFBC}") = "numeros_primos", "numeros_primos\numeros_primos.csproj", "{2C0287CC-9380-49C7-B164-0539D00CD712}"
EndProject
Global
	GlobalSection(SolutionConfigurationPlatforms) = preSolution
		Debug|anycpu = Debug|anycpu
		Release|anycpu = Release|anycpu
	EndGlobalSection
	GlobalSection(ProjectConfigurationPlatforms) = postSolution
		{2C0287CC-9380-49C7-B164-0539D00CD712}.Debug|anycpu.ActiveCfg = Debug|anycpu
		{2C0287CC-9380-49C7-B164-0539D00CD712}.Debug|anycpu.Build.0 = Debug|anycpu
		{2C0287CC-9380-49C7-B164-0539D00CD712}.Release|anycpu.ActiveCfg = Release|anycpu
		{2C0287CC-9380-49C7-B164-0539D00CD712}.Release|anycpu.Build.0 = Release|anycpu
	EndGlobalSection
EndGlobal
